// !$*UTF8*$!
{
	archiveVersion = 1;
	classes = {
	};
	objectVersion = 46;
	objects = {

/* Begin PBXBuildFile section */
		AA486D361EFA0D8D00D8E8AB /* main.cpp in Sources */ = {isa = PBXBuildFile; fileRef = AA486D351EFA0D8D00D8E8AB /* main.cpp */; };
		AA486D411EFA1AD200D8E8AB /* main.cpp in Sources */ = {isa = PBXBuildFile; fileRef = AA486D401EFA1AD200D8E8AB /* main.cpp */; };
		AA5B99471EFA07AA0089B79D /* main.cpp in Sources */ = {isa = PBXBuildFile; fileRef = AA5B99461EFA07AA0089B79D /* main.cpp */; };
		AAFDA1F61F056F85000CC256 /* main.cpp in Sources */ = {isa = PBXBuildFile; fileRef = AAFDA1F51F056F85000CC256 /* main.cpp */; };
/* End PBXBuildFile section */

/* Begin PBXCopyFilesBuildPhase section */
		AA486D311EFA0D8D00D8E8AB /* CopyFiles */ = {
			isa = PBXCopyFilesBuildPhase;
			buildActionMask = 2147483647;
			dstPath = /usr/share/man/man1/;
			dstSubfolderSpec = 0;
			files = (
			);
			runOnlyForDeploymentPostprocessing = 1;
		};
		AA486D3C1EFA1AD200D8E8AB /* CopyFiles */ = {
			isa = PBXCopyFilesBuildPhase;
			buildActionMask = 2147483647;
			dstPath = /usr/share/man/man1/;
			dstSubfolderSpec = 0;
			files = (
			);
			runOnlyForDeploymentPostprocessing = 1;
		};
		AA5B99421EFA07AA0089B79D /* CopyFiles */ = {
			isa = PBXCopyFilesBuildPhase;
			buildActionMask = 2147483647;
			dstPath = /usr/share/man/man1/;
			dstSubfolderSpec = 0;
			files = (
			);
			runOnlyForDeploymentPostprocessing = 1;
		};
		AAFDA1F11F056F85000CC256 /* CopyFiles */ = {
			isa = PBXCopyFilesBuildPhase;
			buildActionMask = 2147483647;
			dstPath = /usr/share/man/man1/;
			dstSubfolderSpec = 0;
			files = (
			);
			runOnlyForDeploymentPostprocessing = 1;
		};
/* End PBXCopyFilesBuildPhase section */

/* Begin PBXFileReference section */
		AA486D331EFA0D8D00D8E8AB /* Problem2 */ = {isa = PBXFileReference; explicitFileType = "compiled.mach-o.executable"; includeInIndex = 0; path = Problem2; sourceTree = BUILT_PRODUCTS_DIR; };
		AA486D351EFA0D8D00D8E8AB /* main.cpp */ = {isa = PBXFileReference; lastKnownFileType = sourcecode.cpp.cpp; path = main.cpp; sourceTree = "<group>"; };
		AA486D3E1EFA1AD200D8E8AB /* Problem3 */ = {isa = PBXFileReference; explicitFileType = "compiled.mach-o.executable"; includeInIndex = 0; path = Problem3; sourceTree = BUILT_PRODUCTS_DIR; };
		AA486D401EFA1AD200D8E8AB /* main.cpp */ = {isa = PBXFileReference; lastKnownFileType = sourcecode.cpp.cpp; path = main.cpp; sourceTree = "<group>"; };
		AA5B99441EFA07AA0089B79D /* Problem1 */ = {isa = PBXFileReference; explicitFileType = "compiled.mach-o.executable"; includeInIndex = 0; path = Problem1; sourceTree = BUILT_PRODUCTS_DIR; };
		AA5B99461EFA07AA0089B79D /* main.cpp */ = {isa = PBXFileReference; lastKnownFileType = sourcecode.cpp.cpp; path = main.cpp; sourceTree = "<group>"; };
		AAFDA1F31F056F85000CC256 /* Problem4 */ = {isa = PBXFileReference; explicitFileType = "compiled.mach-o.executable"; includeInIndex = 0; path = Problem4; sourceTree = BUILT_PRODUCTS_DIR; };
		AAFDA1F51F056F85000CC256 /* main.cpp */ = {isa = PBXFileReference; lastKnownFileType = sourcecode.cpp.cpp; path = main.cpp; sourceTree = "<group>"; };
/* End PBXFileReference section */

/* Begin PBXFrameworksBuildPhase section */
		AA486D301EFA0D8D00D8E8AB /* Frameworks */ = {
			isa = PBXFrameworksBuildPhase;
			buildActionMask = 2147483647;
			files = (
			);
			runOnlyForDeploymentPostprocessing = 0;
		};
		AA486D3B1EFA1AD200D8E8AB /* Frameworks */ = {
			isa = PBXFrameworksBuildPhase;
			buildActionMask = 2147483647;
			files = (
			);
			runOnlyForDeploymentPostprocessing = 0;
		};
		AA5B99411EFA07AA0089B79D /* Frameworks */ = {
			isa = PBXFrameworksBuildPhase;
			buildActionMask = 2147483647;
			files = (
			);
			runOnlyForDeploymentPostprocessing = 0;
		};
		AAFDA1F01F056F85000CC256 /* Frameworks */ = {
			isa = PBXFrameworksBuildPhase;
			buildActionMask = 2147483647;
			files = (
			);
			runOnlyForDeploymentPostprocessing = 0;
		};
/* End PBXFrameworksBuildPhase section */

/* Begin PBXGroup section */
		AA486D341EFA0D8D00D8E8AB /* Problem2 */ = {
			isa = PBXGroup;
			children = (
				AA486D351EFA0D8D00D8E8AB /* main.cpp */,
			);
			path = Problem2;
			sourceTree = "<group>";
		};
		AA486D3F1EFA1AD200D8E8AB /* Problem3 */ = {
			isa = PBXGroup;
			children = (
				AA486D401EFA1AD200D8E8AB /* main.cpp */,
			);
			path = Problem3;
			sourceTree = "<group>";
		};
		AA5B992D1EFA07950089B79D = {
			isa = PBXGroup;
			children = (
				AA5B99451EFA07AA0089B79D /* Problem1 */,
				AA486D341EFA0D8D00D8E8AB /* Problem2 */,
				AA486D3F1EFA1AD200D8E8AB /* Problem3 */,
				AAFDA1F41F056F85000CC256 /* Problem4 */,
				AA5B99371EFA07950089B79D /* Products */,
			);
			sourceTree = "<group>";
		};
		AA5B99371EFA07950089B79D /* Products */ = {
			isa = PBXGroup;
			children = (
				AA5B99441EFA07AA0089B79D /* Problem1 */,
				AA486D331EFA0D8D00D8E8AB /* Problem2 */,
				AA486D3E1EFA1AD200D8E8AB /* Problem3 */,
				AAFDA1F31F056F85000CC256 /* Problem4 */,
			);
			name = Products;
			sourceTree = "<group>";
		};
		AA5B99451EFA07AA0089B79D /* Problem1 */ = {
			isa = PBXGroup;
			children = (
				AA5B99461EFA07AA0089B79D /* main.cpp */,
			);
			path = Problem1;
			sourceTree = "<group>";
		};
		AAFDA1F41F056F85000CC256 /* Problem4 */ = {
			isa = PBXGroup;
			children = (
				AAFDA1F51F056F85000CC256 /* main.cpp */,
			);
			path = Problem4;
			sourceTree = "<group>";
		};
/* End PBXGroup section */

/* Begin PBXNativeTarget section */
		AA486D321EFA0D8D00D8E8AB /* Problem2 */ = {
			isa = PBXNativeTarget;
			buildConfigurationList = AA486D391EFA0D8D00D8E8AB /* Build configuration list for PBXNativeTarget "Problem2" */;
			buildPhases = (
				AA486D2F1EFA0D8D00D8E8AB /* Sources */,
				AA486D301EFA0D8D00D8E8AB /* Frameworks */,
				AA486D311EFA0D8D00D8E8AB /* CopyFiles */,
			);
			buildRules = (
			);
			dependencies = (
			);
			name = Problem2;
			productName = Problem2;
			productReference = AA486D331EFA0D8D00D8E8AB /* Problem2 */;
			productType = "com.apple.product-type.tool";
		};
		AA486D3D1EFA1AD200D8E8AB /* Problem3 */ = {
			isa = PBXNativeTarget;
			buildConfigurationList = AA486D421EFA1AD200D8E8AB /* Build configuration list for PBXNativeTarget "Problem3" */;
			buildPhases = (
				AA486D3A1EFA1AD200D8E8AB /* Sources */,
				AA486D3B1EFA1AD200D8E8AB /* Frameworks */,
				AA486D3C1EFA1AD200D8E8AB /* CopyFiles */,
			);
			buildRules = (
			);
			dependencies = (
			);
			name = Problem3;
			productName = Problem3;
			productReference = AA486D3E1EFA1AD200D8E8AB /* Problem3 */;
			productType = "com.apple.product-type.tool";
		};
		AA5B99431EFA07AA0089B79D /* Problem1 */ = {
			isa = PBXNativeTarget;
			buildConfigurationList = AA5B99481EFA07AA0089B79D /* Build configuration list for PBXNativeTarget "Problem1" */;
			buildPhases = (
				AA5B99401EFA07AA0089B79D /* Sources */,
				AA5B99411EFA07AA0089B79D /* Frameworks */,
				AA5B99421EFA07AA0089B79D /* CopyFiles */,
			);
			buildRules = (
			);
			dependencies = (
			);
			name = Problem1;
			productName = Problem1;
			productReference = AA5B99441EFA07AA0089B79D /* Problem1 */;
			productType = "com.apple.product-type.tool";
		};
		AAFDA1F21F056F85000CC256 /* Problem4 */ = {
			isa = PBXNativeTarget;
			buildConfigurationList = AAFDA1F91F056F85000CC256 /* Build configuration list for PBXNativeTarget "Problem4" */;
			buildPhases = (
				AAFDA1EF1F056F85000CC256 /* Sources */,
				AAFDA1F01F056F85000CC256 /* Frameworks */,
				AAFDA1F11F056F85000CC256 /* CopyFiles */,
			);
			buildRules = (
			);
			dependencies = (
			);
			name = Problem4;
			productName = Problem4;
			productReference = AAFDA1F31F056F85000CC256 /* Problem4 */;
			productType = "com.apple.product-type.tool";
		};
/* End PBXNativeTarget section */

/* Begin PBXProject section */
		AA5B992E1EFA07950089B79D /* Project object */ = {
			isa = PBXProject;
			attributes = {
				LastUpgradeCheck = 0830;
				ORGANIZATIONNAME = castellanese;
				TargetAttributes = {
					AA486D321EFA0D8D00D8E8AB = {
						CreatedOnToolsVersion = 8.3.3;
						ProvisioningStyle = Automatic;
					};
					AA486D3D1EFA1AD200D8E8AB = {
						CreatedOnToolsVersion = 8.3.3;
						ProvisioningStyle = Automatic;
					};
					AA5B99431EFA07AA0089B79D = {
						CreatedOnToolsVersion = 8.3.3;
						ProvisioningStyle = Automatic;
					};
					AAFDA1F21F056F85000CC256 = {
						CreatedOnToolsVersion = 8.3.3;
						ProvisioningStyle = Automatic;
					};
				};
			};
			buildConfigurationList = AA5B99311EFA07950089B79D /* Build configuration list for PBXProject "Project Euler CPP" */;
			compatibilityVersion = "Xcode 3.2";
			developmentRegion = English;
			hasScannedForEncodings = 0;
			knownRegions = (
				en,
			);
			mainGroup = AA5B992D1EFA07950089B79D;
			productRefGroup = AA5B99371EFA07950089B79D /* Products */;
			projectDirPath = "";
			projectRoot = "";
			targets = (
				AA5B99431EFA07AA0089B79D /* Problem1 */,
				AA486D321EFA0D8D00D8E8AB /* Problem2 */,
				AA486D3D1EFA1AD200D8E8AB /* Problem3 */,
				AAFDA1F21F056F85000CC256 /* Problem4 */,
			);
		};
/* End PBXProject section */

/* Begin PBXSourcesBuildPhase section */
		AA486D2F1EFA0D8D00D8E8AB /* Sources */ = {
			isa = PBXSourcesBuildPhase;
			buildActionMask = 2147483647;
			files = (
				AA486D361EFA0D8D00D8E8AB /* main.cpp in Sources */,
			);
			runOnlyForDeploymentPostprocessing = 0;
		};
		AA486D3A1EFA1AD200D8E8AB /* Sources */ = {
			isa = PBXSourcesBuildPhase;
			buildActionMask = 2147483647;
			files = (
				AA486D411EFA1AD200D8E8AB /* main.cpp in Sources */,
			);
			runOnlyForDeploymentPostprocessing = 0;
		};
		AA5B99401EFA07AA0089B79D /* Sources */ = {
			isa = PBXSourcesBuildPhase;
			buildActionMask = 2147483647;
			files = (
				AA5B99471EFA07AA0089B79D /* main.cpp in Sources */,
			);
			runOnlyForDeploymentPostprocessing = 0;
		};
		AAFDA1EF1F056F85000CC256 /* Sources */ = {
			isa = PBXSourcesBuildPhase;
			buildActionMask = 2147483647;
			files = (
				AAFDA1F61F056F85000CC256 /* main.cpp in Sources */,
			);
			runOnlyForDeploymentPostprocessing = 0;
		};
/* End PBXSourcesBuildPhase section */

/* Begin XCBuildConfiguration section */
		AA486D371EFA0D8D00D8E8AB /* Debug */ = {
			isa = XCBuildConfiguration;
			buildSettings = {
				PRODUCT_NAME = "$(TARGET_NAME)";
			};
			name = Debug;
		};
		AA486D381EFA0D8D00D8E8AB /* Release */ = {
			isa = XCBuildConfiguration;
			buildSettings = {
				PRODUCT_NAME = "$(TARGET_NAME)";
			};
			name = Release;
		};
		AA486D431EFA1AD200D8E8AB /* Debug */ = {
			isa = XCBuildConfiguration;
			buildSettings = {
				PRODUCT_NAME = "$(TARGET_NAME)";
			};
			name = Debug;
		};
		AA486D441EFA1AD200D8E8AB /* Release */ = {
			isa = XCBuildConfiguration;
			buildSettings = {
				PRODUCT_NAME = "$(TARGET_NAME)";
			};
			name = Release;
		};
		AA5B993B1EFA07950089B79D /* Debug */ = {
			isa = XCBuildConfiguration;
			buildSettings = {
				ALWAYS_SEARCH_USER_PATHS = NO;
				CLANG_ANALYZER_NONNULL = YES;
				CLANG_ANALYZER_NUMBER_OBJECT_CONVERSION = YES_AGGRESSIVE;
				CLANG_CXX_LANGUAGE_STANDARD = "gnu++0x";
				CLANG_CXX_LIBRARY = "libc++";
				CLANG_ENABLE_MODULES = YES;
				CLANG_ENABLE_OBJC_ARC = YES;
				CLANG_WARN_BOOL_CONVERSION = YES;
				CLANG_WARN_CONSTANT_CONVERSION = YES;
				CLANG_WARN_DIRECT_OBJC_ISA_USAGE = YES_ERROR;
				CLANG_WARN_DOCUMENTATION_COMMENTS = YES;
				CLANG_WARN_EMPTY_BODY = YES;
				CLANG_WARN_ENUM_CONVERSION = YES;
				CLANG_WARN_INFINITE_RECURSION = YES;
				CLANG_WARN_INT_CONVERSION = YES;
				CLANG_WARN_OBJC_ROOT_CLASS = YES_ERROR;
				CLANG_WARN_SUSPICIOUS_MOVE = YES;
				CLANG_WARN_UNREACHABLE_CODE = YES;
				CLANG_WARN__DUPLICATE_METHOD_MATCH = YES;
				CODE_SIGN_IDENTITY = "-";
				COPY_PHASE_STRIP = NO;
				DEBUG_INFORMATION_FORMAT = dwarf;
				ENABLE_STRICT_OBJC_MSGSEND = YES;
				ENABLE_TESTABILITY = YES;
				GCC_C_LANGUAGE_STANDARD = gnu99;
				GCC_DYNAMIC_NO_PIC = NO;
				GCC_NO_COMMON_BLOCKS = YES;
				GCC_OPTIMIZATION_LEVEL = 0;
				GCC_PREPROCESSOR_DEFINITIONS = (
					"DEBUG=1",
					"$(inherited)",
				);
				GCC_WARN_64_TO_32_BIT_CONVERSION = YES;
				GCC_WARN_ABOUT_RETURN_TYPE = YES_ERROR;
				GCC_WARN_UNDECLARED_SELECTOR = YES;
				GCC_WARN_UNINITIALIZED_AUTOS = YES_AGGRESSIVE;
				GCC_WARN_UNUSED_FUNCTION = YES;
				GCC_WARN_UNUSED_VARIABLE = YES;
				MACOSX_DEPLOYMENT_TARGET = 10.12;
				MTL_ENABLE_DEBUG_INFO = YES;
				ONLY_ACTIVE_ARCH = YES;
				SDKROOT = macosx;
			};
			name = Debug;
		};
		AA5B993C1EFA07950089B79D /* Release */ = {
			isa = XCBuildConfiguration;
			buildSettings = {
				ALWAYS_SEARCH_USER_PATHS = NO;
				CLANG_ANALYZER_NONNULL = YES;
				CLANG_ANALYZER_NUMBER_OBJECT_CONVERSION = YES_AGGRESSIVE;
				CLANG_CXX_LANGUAGE_STANDARD = "gnu++0x";
				CLANG_CXX_LIBRARY = "libc++";
				CLANG_ENABLE_MODULES = YES;
				CLANG_ENABLE_OBJC_ARC = YES;
				CLANG_WARN_BOOL_CONVERSION = YES;
				CLANG_WARN_CONSTANT_CONVERSION = YES;
				CLANG_WARN_DIRECT_OBJC_ISA_USAGE = YES_ERROR;
				CLANG_WARN_DOCUMENTATION_COMMENTS = YES;
				CLANG_WARN_EMPTY_BODY = YES;
				CLANG_WARN_ENUM_CONVERSION = YES;
				CLANG_WARN_INFINITE_RECURSION = YES;
				CLANG_WARN_INT_CONVERSION = YES;
				CLANG_WARN_OBJC_ROOT_CLASS = YES_ERROR;
				CLANG_WARN_SUSPICIOUS_MOVE = YES;
				CLANG_WARN_UNREACHABLE_CODE = YES;
				CLANG_WARN__DUPLICATE_METHOD_MATCH = YES;
				CODE_SIGN_IDENTITY = "-";
				COPY_PHASE_STRIP = NO;
				DEBUG_INFORMATION_FORMAT = "dwarf-with-dsym";
				ENABLE_NS_ASSERTIONS = NO;
				ENABLE_STRICT_OBJC_MSGSEND = YES;
				GCC_C_LANGUAGE_STANDARD = gnu99;
				GCC_NO_COMMON_BLOCKS = YES;
				GCC_WARN_64_TO_32_BIT_CONVERSION = YES;
				GCC_WARN_ABOUT_RETURN_TYPE = YES_ERROR;
				GCC_WARN_UNDECLARED_SELECTOR = YES;
				GCC_WARN_UNINITIALIZED_AUTOS = YES_AGGRESSIVE;
				GCC_WARN_UNUSED_FUNCTION = YES;
				GCC_WARN_UNUSED_VARIABLE = YES;
				MACOSX_DEPLOYMENT_TARGET = 10.12;
				MTL_ENABLE_DEBUG_INFO = NO;
				SDKROOT = macosx;
			};
			name = Release;
		};
		AA5B99491EFA07AA0089B79D /* Debug */ = {
			isa = XCBuildConfiguration;
			buildSettings = {
				PRODUCT_NAME = "$(TARGET_NAME)";
			};
			name = Debug;
		};
		AA5B994A1EFA07AA0089B79D /* Release */ = {
			isa = XCBuildConfiguration;
			buildSettings = {
				PRODUCT_NAME = "$(TARGET_NAME)";
			};
			name = Release;
		};
		AAFDA1F71F056F85000CC256 /* Debug */ = {
			isa = XCBuildConfiguration;
			buildSettings = {
				PRODUCT_NAME = "$(TARGET_NAME)";
			};
			name = Debug;
		};
		AAFDA1F81F056F85000CC256 /* Release */ = {
			isa = XCBuildConfiguration;
			buildSettings = {
				PRODUCT_NAME = "$(TARGET_NAME)";
			};
			name = Release;
		};
/* End XCBuildConfiguration section */

/* Begin XCConfigurationList section */
		AA486D391EFA0D8D00D8E8AB /* Build configuration list for PBXNativeTarget "Problem2" */ = {
			isa = XCConfigurationList;
			buildConfigurations = (
				AA486D371EFA0D8D00D8E8AB /* Debug */,
				AA486D381EFA0D8D00D8E8AB /* Release */,
			);
			defaultConfigurationIsVisible = 0;
			defaultConfigurationName = Release;
		};
		AA486D421EFA1AD200D8E8AB /* Build configuration list for PBXNativeTarget "Problem3" */ = {
			isa = XCConfigurationList;
			buildConfigurations = (
				AA486D431EFA1AD200D8E8AB /* Debug */,
				AA486D441EFA1AD200D8E8AB /* Release */,
			);
			defaultConfigurationIsVisible = 0;
			defaultConfigurationName = Release;
		};
		AA5B99311EFA07950089B79D /* Build configuration list for PBXProject "Project Euler CPP" */ = {
			isa = XCConfigurationList;
			buildConfigurations = (
				AA5B993B1EFA07950089B79D /* Debug */,
				AA5B993C1EFA07950089B79D /* Release */,
			);
			defaultConfigurationIsVisible = 0;
			defaultConfigurationName = Release;
		};
		AA5B99481EFA07AA0089B79D /* Build configuration list for PBXNativeTarget "Problem1" */ = {
			isa = XCConfigurationList;
			buildConfigurations = (
				AA5B99491EFA07AA0089B79D /* Debug */,
				AA5B994A1EFA07AA0089B79D /* Release */,
			);
			defaultConfigurationIsVisible = 0;
			defaultConfigurationName = Release;
		};
		AAFDA1F91F056F85000CC256 /* Build configuration list for PBXNativeTarget "Problem4" */ = {
			isa = XCConfigurationList;
			buildConfigurations = (
				AAFDA1F71F056F85000CC256 /* Debug */,
				AAFDA1F81F056F85000CC256 /* Release */,
			);
			defaultConfigurationIsVisible = 0;
		};
/* End XCConfigurationList section */
	};
	rootObject = AA5B992E1EFA07950089B79D /* Project object */;
}
